// !$*UTF8*$!
{
	archiveVersion = 1;
	classes = {
	};
	objectVersion = 50;
	objects = {

/* Begin PBXBuildFile section */
		5E6B00EA2472805E00653DC0 /* AppDelegate.swift in Sources */ = {isa = PBXBuildFile; fileRef = 5E6B00E92472805E00653DC0 /* AppDelegate.swift */; };
		5E6B00EC2472805E00653DC0 /* GameConnectScene.sks in Resources */ = {isa = PBXBuildFile; fileRef = 5E6B00EB2472805E00653DC0 /* GameConnectScene.sks */; };
		5E6B00EE2472805E00653DC0 /* Actions.sks in Resources */ = {isa = PBXBuildFile; fileRef = 5E6B00ED2472805E00653DC0 /* Actions.sks */; };
		5E6B00F02472805E00653DC0 /* GameConnectScene.swift in Sources */ = {isa = PBXBuildFile; fileRef = 5E6B00EF2472805E00653DC0 /* GameConnectScene.swift */; };
		5E6B00F22472805E00653DC0 /* GameSettingVC.swift in Sources */ = {isa = PBXBuildFile; fileRef = 5E6B00F12472805E00653DC0 /* GameSettingVC.swift */; };
		5E6B00F52472805E00653DC0 /* Main.storyboard in Resources */ = {isa = PBXBuildFile; fileRef = 5E6B00F32472805E00653DC0 /* Main.storyboard */; };
		5E6B00F72472806200653DC0 /* Assets.xcassets in Resources */ = {isa = PBXBuildFile; fileRef = 5E6B00F62472806200653DC0 /* Assets.xcassets */; };
		5E6B00FA2472806200653DC0 /* LaunchScreen.storyboard in Resources */ = {isa = PBXBuildFile; fileRef = 5E6B00F82472806200653DC0 /* LaunchScreen.storyboard */; };
		5EB4CDF52476191E0013D198 /* Events.swift in Sources */ = {isa = PBXBuildFile; fileRef = 5EB4CDF42476191E0013D198 /* Events.swift */; };
		5EB7390E2473766F0047B7BE /* rolePick.sks in Resources */ = {isa = PBXBuildFile; fileRef = 5EB7390D2473766F0047B7BE /* rolePick.sks */; };
		5EB73910247377EF0047B7BE /* rolePick.swift in Sources */ = {isa = PBXBuildFile; fileRef = 5EB7390F247377EF0047B7BE /* rolePick.swift */; };
		5EB73912247385400047B7BE /* templateSKScene.swift in Sources */ = {isa = PBXBuildFile; fileRef = 5EB73911247385400047B7BE /* templateSKScene.swift */; };
		5EB739182473B52C0047B7BE /* bgm.mp3 in Resources */ = {isa = PBXBuildFile; fileRef = 5EB739172473B52B0047B7BE /* bgm.mp3 */; };
		5EB7391A2473B71A0047B7BE /* soundManager.swift in Sources */ = {isa = PBXBuildFile; fileRef = 5EB739192473B71A0047B7BE /* soundManager.swift */; };
		5EB7391D2473D6710047B7BE /* flip.mp3 in Resources */ = {isa = PBXBuildFile; fileRef = 5EB7391B2473D6710047B7BE /* flip.mp3 */; };
		5EB7391E2473D6710047B7BE /* click.mp3 in Resources */ = {isa = PBXBuildFile; fileRef = 5EB7391C2473D6710047B7BE /* click.mp3 */; };
		5EB739222473E8A60047B7BE /* roleIntroduction.strings in Resources */ = {isa = PBXBuildFile; fileRef = 5EB739212473E8A60047B7BE /* roleIntroduction.strings */; };
		5EBC16B3249DBC9A004CE47E /* config.swift in Sources */ = {isa = PBXBuildFile; fileRef = 5EBC16B2249DBC9A004CE47E /* config.swift */; };
		5EBC16B5249DBE30004CE47E /* roleSex.strings in Resources */ = {isa = PBXBuildFile; fileRef = 5EBC16B4249DBE30004CE47E /* roleSex.strings */; };
		5EBC16B7249DCCBA004CE47E /* shareParam.swift in Sources */ = {isa = PBXBuildFile; fileRef = 5EBC16B6249DCCBA004CE47E /* shareParam.swift */; };
/* End PBXBuildFile section */

/* Begin PBXFileReference section */
		5E6B00E62472805E00653DC0 /* 誰是兇手.app */ = {isa = PBXFileReference; explicitFileType = wrapper.application; includeInIndex = 0; path = "誰是兇手.app"; sourceTree = BUILT_PRODUCTS_DIR; };
		5E6B00E92472805E00653DC0 /* AppDelegate.swift */ = {isa = PBXFileReference; lastKnownFileType = sourcecode.swift; path = AppDelegate.swift; sourceTree = "<group>"; };
		5E6B00EB2472805E00653DC0 /* GameConnectScene.sks */ = {isa = PBXFileReference; lastKnownFileType = file.sks; path = GameConnectScene.sks; sourceTree = "<group>"; };
		5E6B00ED2472805E00653DC0 /* Actions.sks */ = {isa = PBXFileReference; lastKnownFileType = file.sks; path = Actions.sks; sourceTree = "<group>"; };
		5E6B00EF2472805E00653DC0 /* GameConnectScene.swift */ = {isa = PBXFileReference; lastKnownFileType = sourcecode.swift; path = GameConnectScene.swift; sourceTree = "<group>"; };
		5E6B00F12472805E00653DC0 /* GameSettingVC.swift */ = {isa = PBXFileReference; lastKnownFileType = sourcecode.swift; path = GameSettingVC.swift; sourceTree = "<group>"; };
		5E6B00F42472805E00653DC0 /* Base */ = {isa = PBXFileReference; lastKnownFileType = file.storyboard; name = Base; path = Base.lproj/Main.storyboard; sourceTree = "<group>"; };
		5E6B00F62472806200653DC0 /* Assets.xcassets */ = {isa = PBXFileReference; lastKnownFileType = folder.assetcatalog; path = Assets.xcassets; sourceTree = "<group>"; };
		5E6B00F92472806200653DC0 /* Base */ = {isa = PBXFileReference; lastKnownFileType = file.storyboard; name = Base; path = Base.lproj/LaunchScreen.storyboard; sourceTree = "<group>"; };
		5E6B00FB2472806200653DC0 /* Info.plist */ = {isa = PBXFileReference; lastKnownFileType = text.plist.xml; path = Info.plist; sourceTree = "<group>"; };
		5EB4CDF42476191E0013D198 /* Events.swift */ = {isa = PBXFileReference; lastKnownFileType = sourcecode.swift; path = Events.swift; sourceTree = "<group>"; };
		5EB7390D2473766F0047B7BE /* rolePick.sks */ = {isa = PBXFileReference; lastKnownFileType = file.sks; path = rolePick.sks; sourceTree = "<group>"; };
		5EB7390F247377EF0047B7BE /* rolePick.swift */ = {isa = PBXFileReference; lastKnownFileType = sourcecode.swift; path = rolePick.swift; sourceTree = "<group>"; };
		5EB73911247385400047B7BE /* templateSKScene.swift */ = {isa = PBXFileReference; lastKnownFileType = sourcecode.swift; path = templateSKScene.swift; sourceTree = "<group>"; };
		5EB739172473B52B0047B7BE /* bgm.mp3 */ = {isa = PBXFileReference; lastKnownFileType = audio.mp3; path = bgm.mp3; sourceTree = "<group>"; };
		5EB739192473B71A0047B7BE /* soundManager.swift */ = {isa = PBXFileReference; lastKnownFileType = sourcecode.swift; path = soundManager.swift; sourceTree = "<group>"; };
		5EB7391B2473D6710047B7BE /* flip.mp3 */ = {isa = PBXFileReference; lastKnownFileType = audio.mp3; path = flip.mp3; sourceTree = "<group>"; };
		5EB7391C2473D6710047B7BE /* click.mp3 */ = {isa = PBXFileReference; lastKnownFileType = audio.mp3; path = click.mp3; sourceTree = "<group>"; };
		5EB739212473E8A60047B7BE /* roleIntroduction.strings */ = {isa = PBXFileReference; lastKnownFileType = text.plist.strings; path = roleIntroduction.strings; sourceTree = "<group>"; };
		5EBC16B2249DBC9A004CE47E /* config.swift */ = {isa = PBXFileReference; lastKnownFileType = sourcecode.swift; path = config.swift; sourceTree = "<group>"; };
		5EBC16B4249DBE30004CE47E /* roleSex.strings */ = {isa = PBXFileReference; lastKnownFileType = text.plist.strings; path = roleSex.strings; sourceTree = "<group>"; };
		5EBC16B6249DCCBA004CE47E /* shareParam.swift */ = {isa = PBXFileReference; lastKnownFileType = sourcecode.swift; path = shareParam.swift; sourceTree = "<group>"; };
		77435A233DD45F7BA044462D /* Pods-誰是兇手.release.xcconfig */ = {isa = PBXFileReference; includeInIndex = 1; lastKnownFileType = text.xcconfig; name = "Pods-誰是兇手.release.xcconfig"; path = "Target Support Files/Pods-誰是兇手/Pods-誰是兇手.release.xcconfig"; sourceTree = "<group>"; };
		C015F9ECCC21C54502EA5CA1 /* Pods-誰是兇手.debug.xcconfig */ = {isa = PBXFileReference; includeInIndex = 1; lastKnownFileType = text.xcconfig; name = "Pods-誰是兇手.debug.xcconfig"; path = "Target Support Files/Pods-誰是兇手/Pods-誰是兇手.debug.xcconfig"; sourceTree = "<group>"; };
/* End PBXFileReference section */

/* Begin PBXFrameworksBuildPhase section */
		5E6B00E32472805E00653DC0 /* Frameworks */ = {
			isa = PBXFrameworksBuildPhase;
			buildActionMask = 2147483647;
			files = (
			);
			runOnlyForDeploymentPostprocessing = 0;
		};
/* End PBXFrameworksBuildPhase section */

/* Begin PBXGroup section */
		11B896445C42845A423C5924 /* Pods */ = {
			isa = PBXGroup;
			children = (
				C015F9ECCC21C54502EA5CA1 /* Pods-誰是兇手.debug.xcconfig */,
				77435A233DD45F7BA044462D /* Pods-誰是兇手.release.xcconfig */,
			);
			path = Pods;
			sourceTree = "<group>";
		};
		5E6B00DD2472805E00653DC0 = {
			isa = PBXGroup;
			children = (
				5E6B00E82472805E00653DC0 /* 誰是兇手 */,
				5E6B00E72472805E00653DC0 /* Products */,
				11B896445C42845A423C5924 /* Pods */,
				8F60C0AD4A213CEF5A30922E /* Frameworks */,
			);
			sourceTree = "<group>";
		};
		5E6B00E72472805E00653DC0 /* Products */ = {
			isa = PBXGroup;
			children = (
				5E6B00E62472805E00653DC0 /* 誰是兇手.app */,
			);
			name = Products;
			sourceTree = "<group>";
		};
		5E6B00E82472805E00653DC0 /* 誰是兇手 */ = {
			isa = PBXGroup;
			children = (
				5EB739202473E8350047B7BE /* roleScript */,
				5EB739162473B5190047B7BE /* resource */,
				5E6B00E92472805E00653DC0 /* AppDelegate.swift */,
				5E6B00EB2472805E00653DC0 /* GameConnectScene.sks */,
				5E6B00ED2472805E00653DC0 /* Actions.sks */,
				5E6B00EF2472805E00653DC0 /* GameConnectScene.swift */,
				5E6B00F12472805E00653DC0 /* GameSettingVC.swift */,
				5E6B00F32472805E00653DC0 /* Main.storyboard */,
				5E6B00F62472806200653DC0 /* Assets.xcassets */,
				5E6B00F82472806200653DC0 /* LaunchScreen.storyboard */,
				5E6B00FB2472806200653DC0 /* Info.plist */,
				5EB7390D2473766F0047B7BE /* rolePick.sks */,
				5EB7390F247377EF0047B7BE /* rolePick.swift */,
				5EB73911247385400047B7BE /* templateSKScene.swift */,
				5EB739192473B71A0047B7BE /* soundManager.swift */,
				5EB4CDF42476191E0013D198 /* Events.swift */,
				5EBC16B2249DBC9A004CE47E /* config.swift */,
				5EBC16B6249DCCBA004CE47E /* shareParam.swift */,
			);
			path = "誰是兇手";
			sourceTree = "<group>";
		};
		5EB739162473B5190047B7BE /* resource */ = {
			isa = PBXGroup;
			children = (
				5EB7391C2473D6710047B7BE /* click.mp3 */,
				5EB7391B2473D6710047B7BE /* flip.mp3 */,
				5EB739172473B52B0047B7BE /* bgm.mp3 */,
			);
			name = resource;
			sourceTree = "<group>";
		};
		5EB739202473E8350047B7BE /* roleScript */ = {
			isa = PBXGroup;
			children = (
				5EB739212473E8A60047B7BE /* roleIntroduction.strings */,
				5EBC16B4249DBE30004CE47E /* roleSex.strings */,
			);
			name = roleScript;
			sourceTree = "<group>";
		};
		8F60C0AD4A213CEF5A30922E /* Frameworks */ = {
			isa = PBXGroup;
			children = (
			);
			name = Frameworks;
			sourceTree = "<group>";
		};
/* End PBXGroup section */

/* Begin PBXNativeTarget section */
		5E6B00E52472805E00653DC0 /* 誰是兇手 */ = {
			isa = PBXNativeTarget;
			buildConfigurationList = 5E6B00FE2472806200653DC0 /* Build configuration list for PBXNativeTarget "誰是兇手" */;
			buildPhases = (
				45D5346747899CAC50D9113B /* [CP] Check Pods Manifest.lock */,
				5E6B00E22472805E00653DC0 /* Sources */,
				5E6B00E32472805E00653DC0 /* Frameworks */,
				5E6B00E42472805E00653DC0 /* Resources */,
			);
			buildRules = (
			);
			dependencies = (
			);
			name = "誰是兇手";
			productName = "誰是殺手";
			productReference = 5E6B00E62472805E00653DC0 /* 誰是兇手.app */;
			productType = "com.apple.product-type.application";
		};
/* End PBXNativeTarget section */

/* Begin PBXProject section */
		5E6B00DE2472805E00653DC0 /* Project object */ = {
			isa = PBXProject;
			attributes = {
				LastSwiftUpdateCheck = 1130;
				LastUpgradeCheck = 1130;
				ORGANIZATIONNAME = com.asher.cmp;
				TargetAttributes = {
					5E6B00E52472805E00653DC0 = {
						CreatedOnToolsVersion = 11.3.1;
					};
				};
			};
			buildConfigurationList = 5E6B00E12472805E00653DC0 /* Build configuration list for PBXProject "誰是兇手" */;
			compatibilityVersion = "Xcode 9.3";
			developmentRegion = en;
			hasScannedForEncodings = 0;
			knownRegions = (
				en,
				Base,
			);
			mainGroup = 5E6B00DD2472805E00653DC0;
			productRefGroup = 5E6B00E72472805E00653DC0 /* Products */;
			projectDirPath = "";
			projectRoot = "";
			targets = (
				5E6B00E52472805E00653DC0 /* 誰是兇手 */,
			);
		};
/* End PBXProject section */

/* Begin PBXResourcesBuildPhase section */
		5E6B00E42472805E00653DC0 /* Resources */ = {
			isa = PBXResourcesBuildPhase;
			buildActionMask = 2147483647;
			files = (
				5EB7391E2473D6710047B7BE /* click.mp3 in Resources */,
				5EB7390E2473766F0047B7BE /* rolePick.sks in Resources */,
				5EBC16B5249DBE30004CE47E /* roleSex.strings in Resources */,
				5EB7391D2473D6710047B7BE /* flip.mp3 in Resources */,
				5E6B00F52472805E00653DC0 /* Main.storyboard in Resources */,
				5EB739222473E8A60047B7BE /* roleIntroduction.strings in Resources */,
				5E6B00EC2472805E00653DC0 /* GameConnectScene.sks in Resources */,
				5E6B00F72472806200653DC0 /* Assets.xcassets in Resources */,
				5E6B00FA2472806200653DC0 /* LaunchScreen.storyboard in Resources */,
				5E6B00EE2472805E00653DC0 /* Actions.sks in Resources */,
				5EB739182473B52C0047B7BE /* bgm.mp3 in Resources */,
			);
			runOnlyForDeploymentPostprocessing = 0;
		};
/* End PBXResourcesBuildPhase section */

/* Begin PBXShellScriptBuildPhase section */
		45D5346747899CAC50D9113B /* [CP] Check Pods Manifest.lock */ = {
			isa = PBXShellScriptBuildPhase;
			buildActionMask = 2147483647;
			files = (
			);
			inputFileListPaths = (
			);
			inputPaths = (
				"${PODS_PODFILE_DIR_PATH}/Podfile.lock",
				"${PODS_ROOT}/Manifest.lock",
			);
			name = "[CP] Check Pods Manifest.lock";
			outputFileListPaths = (
			);
			outputPaths = (
				"$(DERIVED_FILE_DIR)/Pods-誰是兇手-checkManifestLockResult.txt",
			);
			runOnlyForDeploymentPostprocessing = 0;
			shellPath = /bin/sh;
			shellScript = "diff \"${PODS_PODFILE_DIR_PATH}/Podfile.lock\" \"${PODS_ROOT}/Manifest.lock\" > /dev/null\nif [ $? != 0 ] ; then\n    # print error to STDERR\n    echo \"error: The sandbox is not in sync with the Podfile.lock. Run 'pod install' or update your CocoaPods installation.\" >&2\n    exit 1\nfi\n# This output is used by Xcode 'outputs' to avoid re-running this script phase.\necho \"SUCCESS\" > \"${SCRIPT_OUTPUT_FILE_0}\"\n";
			showEnvVarsInLog = 0;
		};
/* End PBXShellScriptBuildPhase section */

/* Begin PBXSourcesBuildPhase section */
		5E6B00E22472805E00653DC0 /* Sources */ = {
			isa = PBXSourcesBuildPhase;
			buildActionMask = 2147483647;
			files = (
				5EB73912247385400047B7BE /* templateSKScene.swift in Sources */,
				5E6B00F02472805E00653DC0 /* GameConnectScene.swift in Sources */,
				5E6B00F22472805E00653DC0 /* GameSettingVC.swift in Sources */,
				5EB73910247377EF0047B7BE /* rolePick.swift in Sources */,
				5EB4CDF52476191E0013D198 /* Events.swift in Sources */,
				5EBC16B7249DCCBA004CE47E /* shareParam.swift in Sources */,
				5EBC16B3249DBC9A004CE47E /* config.swift in Sources */,
				5E6B00EA2472805E00653DC0 /* AppDelegate.swift in Sources */,
				5EB7391A2473B71A0047B7BE /* soundManager.swift in Sources */,
			);
			runOnlyForDeploymentPostprocessing = 0;
		};
/* End PBXSourcesBuildPhase section */

/* Begin PBXVariantGroup section */
		5E6B00F32472805E00653DC0 /* Main.storyboard */ = {
			isa = PBXVariantGroup;
			children = (
				5E6B00F42472805E00653DC0 /* Base */,
			);
			name = Main.storyboard;
			sourceTree = "<group>";
		};
		5E6B00F82472806200653DC0 /* LaunchScreen.storyboard */ = {
			isa = PBXVariantGroup;
			children = (
				5E6B00F92472806200653DC0 /* Base */,
			);
			name = LaunchScreen.storyboard;
			sourceTree = "<group>";
		};
/* End PBXVariantGroup section */

/* Begin XCBuildConfiguration section */
		5E6B00FC2472806200653DC0 /* Debug */ = {
			isa = XCBuildConfiguration;
			buildSettings = {
				ALWAYS_SEARCH_USER_PATHS = NO;
				CLANG_ANALYZER_NONNULL = YES;
				CLANG_ANALYZER_NUMBER_OBJECT_CONVERSION = YES_AGGRESSIVE;
				CLANG_CXX_LANGUAGE_STANDARD = "gnu++14";
				CLANG_CXX_LIBRARY = "libc++";
				CLANG_ENABLE_MODULES = YES;
				CLANG_ENABLE_OBJC_ARC = YES;
				CLANG_ENABLE_OBJC_WEAK = YES;
				CLANG_WARN_BLOCK_CAPTURE_AUTORELEASING = YES;
				CLANG_WARN_BOOL_CONVERSION = YES;
				CLANG_WARN_COMMA = YES;
				CLANG_WARN_CONSTANT_CONVERSION = YES;
				CLANG_WARN_DEPRECATED_OBJC_IMPLEMENTATIONS = YES;
				CLANG_WARN_DIRECT_OBJC_ISA_USAGE = YES_ERROR;
				CLANG_WARN_DOCUMENTATION_COMMENTS = YES;
				CLANG_WARN_EMPTY_BODY = YES;
				CLANG_WARN_ENUM_CONVERSION = YES;
				CLANG_WARN_INFINITE_RECURSION = YES;
				CLANG_WARN_INT_CONVERSION = YES;
				CLANG_WARN_NON_LITERAL_NULL_CONVERSION = YES;
				CLANG_WARN_OBJC_IMPLICIT_RETAIN_SELF = YES;
				CLANG_WARN_OBJC_LITERAL_CONVERSION = YES;
				CLANG_WARN_OBJC_ROOT_CLASS = YES_ERROR;
				CLANG_WARN_RANGE_LOOP_ANALYSIS = YES;
				CLANG_WARN_STRICT_PROTOTYPES = YES;
				CLANG_WARN_SUSPICIOUS_MOVE = YES;
				CLANG_WARN_UNGUARDED_AVAILABILITY = YES_AGGRESSIVE;
				CLANG_WARN_UNREACHABLE_CODE = YES;
				CLANG_WARN__DUPLICATE_METHOD_MATCH = YES;
				COPY_PHASE_STRIP = NO;
				DEBUG_INFORMATION_FORMAT = dwarf;
				ENABLE_STRICT_OBJC_MSGSEND = YES;
				ENABLE_TESTABILITY = YES;
				GCC_C_LANGUAGE_STANDARD = gnu11;
				GCC_DYNAMIC_NO_PIC = NO;
				GCC_NO_COMMON_BLOCKS = YES;
				GCC_OPTIMIZATION_LEVEL = 0;
				GCC_PREPROCESSOR_DEFINITIONS = (
					"DEBUG=1",
					"$(inherited)",
				);
				GCC_WARN_64_TO_32_BIT_CONVERSION = YES;
				GCC_WARN_ABOUT_RETURN_TYPE = YES_ERROR;
				GCC_WARN_UNDECLARED_SELECTOR = YES;
				GCC_WARN_UNINITIALIZED_AUTOS = YES_AGGRESSIVE;
				GCC_WARN_UNUSED_FUNCTION = YES;
				GCC_WARN_UNUSED_VARIABLE = YES;
				IPHONEOS_DEPLOYMENT_TARGET = 13.2;
				MTL_ENABLE_DEBUG_INFO = INCLUDE_SOURCE;
				MTL_FAST_MATH = YES;
				ONLY_ACTIVE_ARCH = YES;
				SDKROOT = iphoneos;
				SWIFT_ACTIVE_COMPILATION_CONDITIONS = DEBUG;
				SWIFT_OPTIMIZATION_LEVEL = "-Onone";
				SWIFT_VERSION = 4.2;
			};
			name = Debug;
		};
		5E6B00FD2472806200653DC0 /* Release */ = {
			isa = XCBuildConfiguration;
			buildSettings = {
				ALWAYS_SEARCH_USER_PATHS = NO;
				CLANG_ANALYZER_NONNULL = YES;
				CLANG_ANALYZER_NUMBER_OBJECT_CONVERSION = YES_AGGRESSIVE;
				CLANG_CXX_LANGUAGE_STANDARD = "gnu++14";
				CLANG_CXX_LIBRARY = "libc++";
				CLANG_ENABLE_MODULES = YES;
				CLANG_ENABLE_OBJC_ARC = YES;
				CLANG_ENABLE_OBJC_WEAK = YES;
				CLANG_WARN_BLOCK_CAPTURE_AUTORELEASING = YES;
				CLANG_WARN_BOOL_CONVERSION = YES;
				CLANG_WARN_COMMA = YES;
				CLANG_WARN_CONSTANT_CONVERSION = YES;
				CLANG_WARN_DEPRECATED_OBJC_IMPLEMENTATIONS = YES;
				CLANG_WARN_DIRECT_OBJC_ISA_USAGE = YES_ERROR;
				CLANG_WARN_DOCUMENTATION_COMMENTS = YES;
				CLANG_WARN_EMPTY_BODY = YES;
				CLANG_WARN_ENUM_CONVERSION = YES;
				CLANG_WARN_INFINITE_RECURSION = YES;
				CLANG_WARN_INT_CONVERSION = YES;
				CLANG_WARN_NON_LITERAL_NULL_CONVERSION = YES;
				CLANG_WARN_OBJC_IMPLICIT_RETAIN_SELF = YES;
				CLANG_WARN_OBJC_LITERAL_CONVERSION = YES;
				CLANG_WARN_OBJC_ROOT_CLASS = YES_ERROR;
				CLANG_WARN_RANGE_LOOP_ANALYSIS = YES;
				CLANG_WARN_STRICT_PROTOTYPES = YES;
				CLANG_WARN_SUSPICIOUS_MOVE = YES;
				CLANG_WARN_UNGUARDED_AVAILABILITY = YES_AGGRESSIVE;
				CLANG_WARN_UNREACHABLE_CODE = YES;
				CLANG_WARN__DUPLICATE_METHOD_MATCH = YES;
				COPY_PHASE_STRIP = NO;
				DEBUG_INFORMATION_FORMAT = "dwarf-with-dsym";
				ENABLE_NS_ASSERTIONS = NO;
				ENABLE_STRICT_OBJC_MSGSEND = YES;
				GCC_C_LANGUAGE_STANDARD = gnu11;
				GCC_NO_COMMON_BLOCKS = YES;
				GCC_WARN_64_TO_32_BIT_CONVERSION = YES;
				GCC_WARN_ABOUT_RETURN_TYPE = YES_ERROR;
				GCC_WARN_UNDECLARED_SELECTOR = YES;
				GCC_WARN_UNINITIALIZED_AUTOS = YES_AGGRESSIVE;
				GCC_WARN_UNUSED_FUNCTION = YES;
				GCC_WARN_UNUSED_VARIABLE = YES;
				IPHONEOS_DEPLOYMENT_TARGET = 13.2;
				MTL_ENABLE_DEBUG_INFO = NO;
				MTL_FAST_MATH = YES;
				SDKROOT = iphoneos;
				SWIFT_COMPILATION_MODE = wholemodule;
				SWIFT_OPTIMIZATION_LEVEL = "-O";
				SWIFT_VERSION = 4.2;
				VALIDATE_PRODUCT = YES;
			};
			name = Release;
		};
		5E6B00FF2472806200653DC0 /* Debug */ = {
			isa = XCBuildConfiguration;
			baseConfigurationReference = C015F9ECCC21C54502EA5CA1 /* Pods-誰是兇手.debug.xcconfig */;
			buildSettings = {
				ASSETCATALOG_COMPILER_APPICON_NAME = AppIcon;
				CODE_SIGN_STYLE = Automatic;
				DEVELOPMENT_TEAM = T32UA5W653;
				INFOPLIST_FILE = "誰是兇手/Info.plist";
				LD_RUNPATH_SEARCH_PATHS = (
					"$(inherited)",
					"@executable_path/Frameworks",
				);
				PRODUCT_BUNDLE_IDENTIFIER = "com.asher.cmp.----";
				PRODUCT_NAME = "誰是兇手";
				SWIFT_VERSION = 5.0;
				TARGETED_DEVICE_FAMILY = "1,2";
			};
			name = Debug;
		};
		5E6B01002472806200653DC0 /* Release */ = {
			isa = XCBuildConfiguration;
			baseConfigurationReference = 77435A233DD45F7BA044462D /* Pods-誰是兇手.release.xcconfig */;
			buildSettings = {
				ASSETCATALOG_COMPILER_APPICON_NAME = AppIcon;
				CODE_SIGN_STYLE = Automatic;
				DEVELOPMENT_TEAM = T32UA5W653;
				INFOPLIST_FILE = "誰是兇手/Info.plist";
				LD_RUNPATH_SEARCH_PATHS = (
					"$(inherited)",
					"@executable_path/Frameworks",
				);
				PRODUCT_BUNDLE_IDENTIFIER = "com.asher.cmp.----";
				PRODUCT_NAME = "誰是兇手";
				SWIFT_VERSION = 5.0;
				TARGETED_DEVICE_FAMILY = "1,2";
			};
			name = Release;
		};
/* End XCBuildConfiguration section */

/* Begin XCConfigurationList section */
		5E6B00E12472805E00653DC0 /* Build configuration list for PBXProject "誰是兇手" */ = {
			isa = XCConfigurationList;
			buildConfigurations = (
				5E6B00FC2472806200653DC0 /* Debug */,
				5E6B00FD2472806200653DC0 /* Release */,
			);
			defaultConfigurationIsVisible = 0;
			defaultConfigurationName = Release;
		};
		5E6B00FE2472806200653DC0 /* Build configuration list for PBXNativeTarget "誰是兇手" */ = {
			isa = XCConfigurationList;
			buildConfigurations = (
				5E6B00FF2472806200653DC0 /* Debug */,
				5E6B01002472806200653DC0 /* Release */,
			);
			defaultConfigurationIsVisible = 0;
			defaultConfigurationName = Release;
		};
/* End XCConfigurationList section */
	};
	rootObject = 5E6B00DE2472805E00653DC0 /* Project object */;
}
